<Solution>
  <Folder Name="/src/">
    <Project Path="Companies.API/Companies.API.csproj" />
    <Project Path="Companies.Infrastructure/Companies.Infrastructure.csproj" Id="d1745ff1-344f-469f-93f5-95ea9d4956d8" />
    <Project Path="Domain.Models/Domain.Models.csproj" Id="0dec5142-e850-490d-832d-bb6344f48791" />
  </Folder>
</Solution>
